
Microsoft Visual Studio Solution File, Format Version 12.00
# Visual Studio Version 16
VisualStudioVersion = 16.0.29728.190
MinimumVisualStudioVersion = 10.0.40219.1
Project("{FAE04EC0-301F-11D3-BF4B-00C04F79EFBC}") = "Nagpdotnet", "Nagpdotnet\Nagpdotnet.csproj", "{4F856DCA-DFDC-48EC-9A48-1AD1CBE620A2}"
EndProject
Project("{FAE04EC0-301F-11D3-BF4B-00C04F79EFBC}") = "nagpdotnettest", "nagpdotnettest\nagpdotnettest.csproj", "{4BC7982C-D984-4C7A-BD25-1875C98DC78E}"
EndProject
Global
	GlobalSection(SolutionConfigurationPlatforms) = preSolution
		Debug|Any CPU = Debug|Any CPU
		Release|Any CPU = Release|Any CPU
	EndGlobalSection
	GlobalSection(ProjectConfigurationPlatforms) = postSolution
		{4F856DCA-DFDC-48EC-9A48-1AD1CBE620A2}.Debug|Any CPU.ActiveCfg = Debug|Any CPU
		{4F856DCA-DFDC-48EC-9A48-1AD1CBE620A2}.Debug|Any CPU.Build.0 = Debug|Any CPU
		{4F856DCA-DFDC-48EC-9A48-1AD1CBE620A2}.Release|Any CPU.ActiveCfg = Release|Any CPU
		{4F856DCA-DFDC-48EC-9A48-1AD1CBE620A2}.Release|Any CPU.Build.0 = Release|Any CPU
		{4BC7982C-D984-4C7A-BD25-1875C98DC78E}.Debug|Any CPU.ActiveCfg = Debug|Any CPU
		{4BC7982C-D984-4C7A-BD25-1875C98DC78E}.Debug|Any CPU.Build.0 = Debug|Any CPU
		{4BC7982C-D984-4C7A-BD25-1875C98DC78E}.Release|Any CPU.ActiveCfg = Release|Any CPU
		{4BC7982C-D984-4C7A-BD25-1875C98DC78E}.Release|Any CPU.Build.0 = Release|Any CPU
	EndGlobalSection
	GlobalSection(SolutionProperties) = preSolution
		HideSolutionNode = FALSE
	EndGlobalSection
	GlobalSection(ExtensibilityGlobals) = postSolution
		SolutionGuid = {0EF3729D-5A6F-40AC-AD92-8D2481D0A811}
	EndGlobalSection
EndGlobal
